
Microsoft Visual Studio Solution File, Format Version 12.00
# Visual Studio Version 17
VisualStudioVersion = 17.9.34728.123
MinimumVisualStudioVersion = 10.0.40219.1
Project("{FAE04EC0-301F-11D3-BF4B-00C04F79EFBC}") = "MVCDemo", "MVCDemo\MVCDemo.csproj", "{1C8CB0AC-B0C7-4DCA-BB6D-14006A29A5C3}"
EndProject
Global
	GlobalSection(SolutionConfigurationPlatforms) = preSolution
		Debug|Any CPU = Debug|Any CPU
		Release|Any CPU = Release|Any CPU
	EndGlobalSection
	GlobalSection(ProjectConfigurationPlatforms) = postSolution
		{1C8CB0AC-B0C7-4DCA-BB6D-14006A29A5C3}.Debug|Any CPU.ActiveCfg = Debug|Any CPU
		{1C8CB0AC-B0C7-4DCA-BB6D-14006A29A5C3}.Debug|Any CPU.Build.0 = Debug|Any CPU
		{1C8CB0AC-B0C7-4DCA-BB6D-14006A29A5C3}.Release|Any CPU.ActiveCfg = Release|Any CPU
		{1C8CB0AC-B0C7-4DCA-BB6D-14006A29A5C3}.Release|Any CPU.Build.0 = Release|Any CPU
	EndGlobalSection
	GlobalSection(SolutionProperties) = preSolution
		HideSolutionNode = FALSE
	EndGlobalSection
	GlobalSection(ExtensibilityGlobals) = postSolution
		SolutionGuid = {41C83AE9-EC7F-428E-8EE4-13A91670B349}
	EndGlobalSection
EndGlobal
